// !$*UTF8*$!
{
	archiveVersion = 1;
	classes = {
	};
	objectVersion = 55;
	objects = {

/* Begin PBXBuildFile section */
		2832404528B7EAE700F6262F /* weather_macOSApp.swift in Sources */ = {isa = PBXBuildFile; fileRef = 2832404428B7EAE700F6262F /* weather_macOSApp.swift */; };
		2832404728B7EAE700F6262F /* ContentView.swift in Sources */ = {isa = PBXBuildFile; fileRef = 2832404628B7EAE700F6262F /* ContentView.swift */; };
		2832404928B7EAE800F6262F /* Assets.xcassets in Resources */ = {isa = PBXBuildFile; fileRef = 2832404828B7EAE800F6262F /* Assets.xcassets */; };
		2832404C28B7EAE800F6262F /* Preview Assets.xcassets in Resources */ = {isa = PBXBuildFile; fileRef = 2832404B28B7EAE800F6262F /* Preview Assets.xcassets */; };
		2832405728B7EAE800F6262F /* weather_macOSTests.swift in Sources */ = {isa = PBXBuildFile; fileRef = 2832405628B7EAE800F6262F /* weather_macOSTests.swift */; };
		2832406128B7EAE800F6262F /* weather_macOSUITests.swift in Sources */ = {isa = PBXBuildFile; fileRef = 2832406028B7EAE800F6262F /* weather_macOSUITests.swift */; };
		2832406328B7EAE800F6262F /* weather_macOSUITestsLaunchTests.swift in Sources */ = {isa = PBXBuildFile; fileRef = 2832406228B7EAE800F6262F /* weather_macOSUITestsLaunchTests.swift */; };
/* End PBXBuildFile section */

/* Begin PBXContainerItemProxy section */
		2832405328B7EAE800F6262F /* PBXContainerItemProxy */ = {
			isa = PBXContainerItemProxy;
			containerPortal = 2832403928B7EAE700F6262F /* Project object */;
			proxyType = 1;
			remoteGlobalIDString = 2832404028B7EAE700F6262F;
			remoteInfo = "weather-macOS";
		};
		2832405D28B7EAE800F6262F /* PBXContainerItemProxy */ = {
			isa = PBXContainerItemProxy;
			containerPortal = 2832403928B7EAE700F6262F /* Project object */;
			proxyType = 1;
			remoteGlobalIDString = 2832404028B7EAE700F6262F;
			remoteInfo = "weather-macOS";
		};
/* End PBXContainerItemProxy section */

/* Begin PBXFileReference section */
		2832404128B7EAE700F6262F /* weather-macOS.app */ = {isa = PBXFileReference; explicitFileType = wrapper.application; includeInIndex = 0; path = "weather-macOS.app"; sourceTree = BUILT_PRODUCTS_DIR; };
		2832404428B7EAE700F6262F /* weather_macOSApp.swift */ = {isa = PBXFileReference; lastKnownFileType = sourcecode.swift; path = weather_macOSApp.swift; sourceTree = "<group>"; };
		2832404628B7EAE700F6262F /* ContentView.swift */ = {isa = PBXFileReference; lastKnownFileType = sourcecode.swift; path = ContentView.swift; sourceTree = "<group>"; };
		2832404828B7EAE800F6262F /* Assets.xcassets */ = {isa = PBXFileReference; lastKnownFileType = folder.assetcatalog; path = Assets.xcassets; sourceTree = "<group>"; };
		2832404B28B7EAE800F6262F /* Preview Assets.xcassets */ = {isa = PBXFileReference; lastKnownFileType = folder.assetcatalog; path = "Preview Assets.xcassets"; sourceTree = "<group>"; };
		2832404D28B7EAE800F6262F /* weather_macOS.entitlements */ = {isa = PBXFileReference; lastKnownFileType = text.plist.entitlements; path = weather_macOS.entitlements; sourceTree = "<group>"; };
		2832405228B7EAE800F6262F /* weather-macOSTests.xctest */ = {isa = PBXFileReference; explicitFileType = wrapper.cfbundle; includeInIndex = 0; path = "weather-macOSTests.xctest"; sourceTree = BUILT_PRODUCTS_DIR; };
		2832405628B7EAE800F6262F /* weather_macOSTests.swift */ = {isa = PBXFileReference; lastKnownFileType = sourcecode.swift; path = weather_macOSTests.swift; sourceTree = "<group>"; };
		2832405C28B7EAE800F6262F /* weather-macOSUITests.xctest */ = {isa = PBXFileReference; explicitFileType = wrapper.cfbundle; includeInIndex = 0; path = "weather-macOSUITests.xctest"; sourceTree = BUILT_PRODUCTS_DIR; };
		2832406028B7EAE800F6262F /* weather_macOSUITests.swift */ = {isa = PBXFileReference; lastKnownFileType = sourcecode.swift; path = weather_macOSUITests.swift; sourceTree = "<group>"; };
		2832406228B7EAE800F6262F /* weather_macOSUITestsLaunchTests.swift */ = {isa = PBXFileReference; lastKnownFileType = sourcecode.swift; path = weather_macOSUITestsLaunchTests.swift; sourceTree = "<group>"; };
/* End PBXFileReference section */

/* Begin PBXFrameworksBuildPhase section */
		2832403E28B7EAE700F6262F /* Frameworks */ = {
			isa = PBXFrameworksBuildPhase;
			buildActionMask = 2147483647;
			files = (
			);
			runOnlyForDeploymentPostprocessing = 0;
		};
		2832404F28B7EAE800F6262F /* Frameworks */ = {
			isa = PBXFrameworksBuildPhase;
			buildActionMask = 2147483647;
			files = (
			);
			runOnlyForDeploymentPostprocessing = 0;
		};
		2832405928B7EAE800F6262F /* Frameworks */ = {
			isa = PBXFrameworksBuildPhase;
			buildActionMask = 2147483647;
			files = (
			);
			runOnlyForDeploymentPostprocessing = 0;
		};
/* End PBXFrameworksBuildPhase section */

/* Begin PBXGroup section */
		2832403828B7EAE700F6262F = {
			isa = PBXGroup;
			children = (
				2832404328B7EAE700F6262F /* weather-macOS */,
				2832405528B7EAE800F6262F /* weather-macOSTests */,
				2832405F28B7EAE800F6262F /* weather-macOSUITests */,
				2832404228B7EAE700F6262F /* Products */,
			);
			sourceTree = "<group>";
		};
		2832404228B7EAE700F6262F /* Products */ = {
			isa = PBXGroup;
			children = (
				2832404128B7EAE700F6262F /* weather-macOS.app */,
				2832405228B7EAE800F6262F /* weather-macOSTests.xctest */,
				2832405C28B7EAE800F6262F /* weather-macOSUITests.xctest */,
			);
			name = Products;
			sourceTree = "<group>";
		};
		2832404328B7EAE700F6262F /* weather-macOS */ = {
			isa = PBXGroup;
			children = (
				2832404428B7EAE700F6262F /* weather_macOSApp.swift */,
				2832404628B7EAE700F6262F /* ContentView.swift */,
				2832404828B7EAE800F6262F /* Assets.xcassets */,
				2832404D28B7EAE800F6262F /* weather_macOS.entitlements */,
				2832404A28B7EAE800F6262F /* Preview Content */,
			);
			path = "weather-macOS";
			sourceTree = "<group>";
		};
		2832404A28B7EAE800F6262F /* Preview Content */ = {
			isa = PBXGroup;
			children = (
				2832404B28B7EAE800F6262F /* Preview Assets.xcassets */,
			);
			path = "Preview Content";
			sourceTree = "<group>";
		};
		2832405528B7EAE800F6262F /* weather-macOSTests */ = {
			isa = PBXGroup;
			children = (
				2832405628B7EAE800F6262F /* weather_macOSTests.swift */,
			);
			path = "weather-macOSTests";
			sourceTree = "<group>";
		};
		2832405F28B7EAE800F6262F /* weather-macOSUITests */ = {
			isa = PBXGroup;
			children = (
				2832406028B7EAE800F6262F /* weather_macOSUITests.swift */,
				2832406228B7EAE800F6262F /* weather_macOSUITestsLaunchTests.swift */,
			);
			path = "weather-macOSUITests";
			sourceTree = "<group>";
		};
/* End PBXGroup section */

/* Begin PBXNativeTarget section */
		2832404028B7EAE700F6262F /* weather-macOS */ = {
			isa = PBXNativeTarget;
			buildConfigurationList = 2832406628B7EAE800F6262F /* Build configuration list for PBXNativeTarget "weather-macOS" */;
			buildPhases = (
				2832403D28B7EAE700F6262F /* Sources */,
				2832403E28B7EAE700F6262F /* Frameworks */,
				2832403F28B7EAE700F6262F /* Resources */,
			);
			buildRules = (
			);
			dependencies = (
			);
			name = "weather-macOS";
			productName = "weather-macOS";
			productReference = 2832404128B7EAE700F6262F /* weather-macOS.app */;
			productType = "com.apple.product-type.application";
		};
		2832405128B7EAE800F6262F /* weather-macOSTests */ = {
			isa = PBXNativeTarget;
			buildConfigurationList = 2832406928B7EAE800F6262F /* Build configuration list for PBXNativeTarget "weather-macOSTests" */;
			buildPhases = (
				2832404E28B7EAE800F6262F /* Sources */,
				2832404F28B7EAE800F6262F /* Frameworks */,
				2832405028B7EAE800F6262F /* Resources */,
			);
			buildRules = (
			);
			dependencies = (
				2832405428B7EAE800F6262F /* PBXTargetDependency */,
			);
			name = "weather-macOSTests";
			productName = "weather-macOSTests";
			productReference = 2832405228B7EAE800F6262F /* weather-macOSTests.xctest */;
			productType = "com.apple.product-type.bundle.unit-test";
		};
		2832405B28B7EAE800F6262F /* weather-macOSUITests */ = {
			isa = PBXNativeTarget;
			buildConfigurationList = 2832406C28B7EAE800F6262F /* Build configuration list for PBXNativeTarget "weather-macOSUITests" */;
			buildPhases = (
				2832405828B7EAE800F6262F /* Sources */,
				2832405928B7EAE800F6262F /* Frameworks */,
				2832405A28B7EAE800F6262F /* Resources */,
			);
			buildRules = (
			);
			dependencies = (
				2832405E28B7EAE800F6262F /* PBXTargetDependency */,
			);
			name = "weather-macOSUITests";
			productName = "weather-macOSUITests";
			productReference = 2832405C28B7EAE800F6262F /* weather-macOSUITests.xctest */;
			productType = "com.apple.product-type.bundle.ui-testing";
		};
/* End PBXNativeTarget section */

/* Begin PBXProject section */
		2832403928B7EAE700F6262F /* Project object */ = {
			isa = PBXProject;
			attributes = {
				BuildIndependentTargetsInParallel = 1;
				LastSwiftUpdateCheck = 1340;
				LastUpgradeCheck = 1340;
				TargetAttributes = {
					2832404028B7EAE700F6262F = {
						CreatedOnToolsVersion = 13.4.1;
					};
					2832405128B7EAE800F6262F = {
						CreatedOnToolsVersion = 13.4.1;
						TestTargetID = 2832404028B7EAE700F6262F;
					};
					2832405B28B7EAE800F6262F = {
						CreatedOnToolsVersion = 13.4.1;
						TestTargetID = 2832404028B7EAE700F6262F;
					};
				};
			};
			buildConfigurationList = 2832403C28B7EAE700F6262F /* Build configuration list for PBXProject "weather-macOS" */;
			compatibilityVersion = "Xcode 13.0";
			developmentRegion = en;
			hasScannedForEncodings = 0;
			knownRegions = (
				en,
				Base,
			);
			mainGroup = 2832403828B7EAE700F6262F;
			productRefGroup = 2832404228B7EAE700F6262F /* Products */;
			projectDirPath = "";
			projectRoot = "";
			targets = (
				2832404028B7EAE700F6262F /* weather-macOS */,
				2832405128B7EAE800F6262F /* weather-macOSTests */,
				2832405B28B7EAE800F6262F /* weather-macOSUITests */,
			);
		};
/* End PBXProject section */

/* Begin PBXResourcesBuildPhase section */
		2832403F28B7EAE700F6262F /* Resources */ = {
			isa = PBXResourcesBuildPhase;
			buildActionMask = 2147483647;
			files = (
				2832404C28B7EAE800F6262F /* Preview Assets.xcassets in Resources */,
				2832404928B7EAE800F6262F /* Assets.xcassets in Resources */,
			);
			runOnlyForDeploymentPostprocessing = 0;
		};
		2832405028B7EAE800F6262F /* Resources */ = {
			isa = PBXResourcesBuildPhase;
			buildActionMask = 2147483647;
			files = (
			);
			runOnlyForDeploymentPostprocessing = 0;
		};
		2832405A28B7EAE800F6262F /* Resources */ = {
			isa = PBXResourcesBuildPhase;
			buildActionMask = 2147483647;
			files = (
			);
			runOnlyForDeploymentPostprocessing = 0;
		};
/* End PBXResourcesBuildPhase section */

/* Begin PBXSourcesBuildPhase section */
		2832403D28B7EAE700F6262F /* Sources */ = {
			isa = PBXSourcesBuildPhase;
			buildActionMask = 2147483647;
			files = (
				2832404728B7EAE700F6262F /* ContentView.swift in Sources */,
				2832404528B7EAE700F6262F /* weather_macOSApp.swift in Sources */,
			);
			runOnlyForDeploymentPostprocessing = 0;
		};
		2832404E28B7EAE800F6262F /* Sources */ = {
			isa = PBXSourcesBuildPhase;
			buildActionMask = 2147483647;
			files = (
				2832405728B7EAE800F6262F /* weather_macOSTests.swift in Sources */,
			);
			runOnlyForDeploymentPostprocessing = 0;
		};
		2832405828B7EAE800F6262F /* Sources */ = {
			isa = PBXSourcesBuildPhase;
			buildActionMask = 2147483647;
			files = (
				2832406128B7EAE800F6262F /* weather_macOSUITests.swift in Sources */,
				2832406328B7EAE800F6262F /* weather_macOSUITestsLaunchTests.swift in Sources */,
			);
			runOnlyForDeploymentPostprocessing = 0;
		};
/* End PBXSourcesBuildPhase section */

/* Begin PBXTargetDependency section */
		2832405428B7EAE800F6262F /* PBXTargetDependency */ = {
			isa = PBXTargetDependency;
			target = 2832404028B7EAE700F6262F /* weather-macOS */;
			targetProxy = 2832405328B7EAE800F6262F /* PBXContainerItemProxy */;
		};
		2832405E28B7EAE800F6262F /* PBXTargetDependency */ = {
			isa = PBXTargetDependency;
			target = 2832404028B7EAE700F6262F /* weather-macOS */;
			targetProxy = 2832405D28B7EAE800F6262F /* PBXContainerItemProxy */;
		};
/* End PBXTargetDependency section */

/* Begin XCBuildConfiguration section */
		2832406428B7EAE800F6262F /* Debug */ = {
			isa = XCBuildConfiguration;
			buildSettings = {
				ALWAYS_SEARCH_USER_PATHS = NO;
				CLANG_ANALYZER_NONNULL = YES;
				CLANG_ANALYZER_NUMBER_OBJECT_CONVERSION = YES_AGGRESSIVE;
				CLANG_CXX_LANGUAGE_STANDARD = "gnu++17";
				CLANG_ENABLE_MODULES = YES;
				CLANG_ENABLE_OBJC_ARC = YES;
				CLANG_ENABLE_OBJC_WEAK = YES;
				CLANG_WARN_BLOCK_CAPTURE_AUTORELEASING = YES;
				CLANG_WARN_BOOL_CONVERSION = YES;
				CLANG_WARN_COMMA = YES;
				CLANG_WARN_CONSTANT_CONVERSION = YES;
				CLANG_WARN_DEPRECATED_OBJC_IMPLEMENTATIONS = YES;
				CLANG_WARN_DIRECT_OBJC_ISA_USAGE = YES_ERROR;
				CLANG_WARN_DOCUMENTATION_COMMENTS = YES;
				CLANG_WARN_EMPTY_BODY = YES;
				CLANG_WARN_ENUM_CONVERSION = YES;
				CLANG_WARN_INFINITE_RECURSION = YES;
				CLANG_WARN_INT_CONVERSION = YES;
				CLANG_WARN_NON_LITERAL_NULL_CONVERSION = YES;
				CLANG_WARN_OBJC_IMPLICIT_RETAIN_SELF = YES;
				CLANG_WARN_OBJC_LITERAL_CONVERSION = YES;
				CLANG_WARN_OBJC_ROOT_CLASS = YES_ERROR;
				CLANG_WARN_QUOTED_INCLUDE_IN_FRAMEWORK_HEADER = YES;
				CLANG_WARN_RANGE_LOOP_ANALYSIS = YES;
				CLANG_WARN_STRICT_PROTOTYPES = YES;
				CLANG_WARN_SUSPICIOUS_MOVE = YES;
				CLANG_WARN_UNGUARDED_AVAILABILITY = YES_AGGRESSIVE;
				CLANG_WARN_UNREACHABLE_CODE = YES;
				CLANG_WARN__DUPLICATE_METHOD_MATCH = YES;
				COPY_PHASE_STRIP = NO;
				DEBUG_INFORMATION_FORMAT = dwarf;
				ENABLE_STRICT_OBJC_MSGSEND = YES;
				ENABLE_TESTABILITY = YES;
				GCC_C_LANGUAGE_STANDARD = gnu11;
				GCC_DYNAMIC_NO_PIC = NO;
				GCC_NO_COMMON_BLOCKS = YES;
				GCC_OPTIMIZATION_LEVEL = 0;
				GCC_PREPROCESSOR_DEFINITIONS = (
					"DEBUG=1",
					"$(inherited)",
				);
				GCC_WARN_64_TO_32_BIT_CONVERSION = YES;
				GCC_WARN_ABOUT_RETURN_TYPE = YES_ERROR;
				GCC_WARN_UNDECLARED_SELECTOR = YES;
				GCC_WARN_UNINITIALIZED_AUTOS = YES_AGGRESSIVE;
				GCC_WARN_UNUSED_FUNCTION = YES;
				GCC_WARN_UNUSED_VARIABLE = YES;
				MACOSX_DEPLOYMENT_TARGET = 12.3;
				MTL_ENABLE_DEBUG_INFO = INCLUDE_SOURCE;
				MTL_FAST_MATH = YES;
				ONLY_ACTIVE_ARCH = YES;
				SDKROOT = macosx;
				SWIFT_ACTIVE_COMPILATION_CONDITIONS = DEBUG;
				SWIFT_OPTIMIZATION_LEVEL = "-Onone";
			};
			name = Debug;
		};
		2832406528B7EAE800F6262F /* Release */ = {
			isa = XCBuildConfiguration;
			buildSettings = {
				ALWAYS_SEARCH_USER_PATHS = NO;
				CLANG_ANALYZER_NONNULL = YES;
				CLANG_ANALYZER_NUMBER_OBJECT_CONVERSION = YES_AGGRESSIVE;
				CLANG_CXX_LANGUAGE_STANDARD = "gnu++17";
				CLANG_ENABLE_MODULES = YES;
				CLANG_ENABLE_OBJC_ARC = YES;
				CLANG_ENABLE_OBJC_WEAK = YES;
				CLANG_WARN_BLOCK_CAPTURE_AUTORELEASING = YES;
				CLANG_WARN_BOOL_CONVERSION = YES;
				CLANG_WARN_COMMA = YES;
				CLANG_WARN_CONSTANT_CONVERSION = YES;
				CLANG_WARN_DEPRECATED_OBJC_IMPLEMENTATIONS = YES;
				CLANG_WARN_DIRECT_OBJC_ISA_USAGE = YES_ERROR;
				CLANG_WARN_DOCUMENTATION_COMMENTS = YES;
				CLANG_WARN_EMPTY_BODY = YES;
				CLANG_WARN_ENUM_CONVERSION = YES;
				CLANG_WARN_INFINITE_RECURSION = YES;
				CLANG_WARN_INT_CONVERSION = YES;
				CLANG_WARN_NON_LITERAL_NULL_CONVERSION = YES;
				CLANG_WARN_OBJC_IMPLICIT_RETAIN_SELF = YES;
				CLANG_WARN_OBJC_LITERAL_CONVERSION = YES;
				CLANG_WARN_OBJC_ROOT_CLASS = YES_ERROR;
				CLANG_WARN_QUOTED_INCLUDE_IN_FRAMEWORK_HEADER = YES;
				CLANG_WARN_RANGE_LOOP_ANALYSIS = YES;
				CLANG_WARN_STRICT_PROTOTYPES = YES;
				CLANG_WARN_SUSPICIOUS_MOVE = YES;
				CLANG_WARN_UNGUARDED_AVAILABILITY = YES_AGGRESSIVE;
				CLANG_WARN_UNREACHABLE_CODE = YES;
				CLANG_WARN__DUPLICATE_METHOD_MATCH = YES;
				COPY_PHASE_STRIP = NO;
				DEBUG_INFORMATION_FORMAT = "dwarf-with-dsym";
				ENABLE_NS_ASSERTIONS = NO;
				ENABLE_STRICT_OBJC_MSGSEND = YES;
				GCC_C_LANGUAGE_STANDARD = gnu11;
				GCC_NO_COMMON_BLOCKS = YES;
				GCC_WARN_64_TO_32_BIT_CONVERSION = YES;
				GCC_WARN_ABOUT_RETURN_TYPE = YES_ERROR;
				GCC_WARN_UNDECLARED_SELECTOR = YES;
				GCC_WARN_UNINITIALIZED_AUTOS = YES_AGGRESSIVE;
				GCC_WARN_UNUSED_FUNCTION = YES;
				GCC_WARN_UNUSED_VARIABLE = YES;
				MACOSX_DEPLOYMENT_TARGET = 12.3;
				MTL_ENABLE_DEBUG_INFO = NO;
				MTL_FAST_MATH = YES;
				SDKROOT = macosx;
				SWIFT_COMPILATION_MODE = wholemodule;
				SWIFT_OPTIMIZATION_LEVEL = "-O";
			};
			name = Release;
		};
		2832406728B7EAE800F6262F /* Debug */ = {
			isa = XCBuildConfiguration;
			buildSettings = {
				ASSETCATALOG_COMPILER_APPICON_NAME = AppIcon;
				ASSETCATALOG_COMPILER_GLOBAL_ACCENT_COLOR_NAME = AccentColor;
				CODE_SIGN_ENTITLEMENTS = "weather-macOS/weather_macOS.entitlements";
				CODE_SIGN_STYLE = Automatic;
				COMBINE_HIDPI_IMAGES = YES;
				CURRENT_PROJECT_VERSION = 1;
				DEVELOPMENT_ASSET_PATHS = "\"weather-macOS/Preview Content\"";
				ENABLE_PREVIEWS = YES;
				GENERATE_INFOPLIST_FILE = YES;
				INFOPLIST_KEY_NSHumanReadableCopyright = "";
				LD_RUNPATH_SEARCH_PATHS = (
					"$(inherited)",
					"@executable_path/../Frameworks",
				);
				MARKETING_VERSION = 1.0;
				PRODUCT_BUNDLE_IDENTIFIER = "com.o4eretniy.weather-macOS";
				PRODUCT_NAME = "$(TARGET_NAME)";
				SWIFT_EMIT_LOC_STRINGS = YES;
				SWIFT_VERSION = 5.0;
			};
			name = Debug;
		};
		2832406828B7EAE800F6262F /* Release */ = {
			isa = XCBuildConfiguration;
			buildSettings = {
				ASSETCATALOG_COMPILER_APPICON_NAME = AppIcon;
				ASSETCATALOG_COMPILER_GLOBAL_ACCENT_COLOR_NAME = AccentColor;
				CODE_SIGN_ENTITLEMENTS = "weather-macOS/weather_macOS.entitlements";
				CODE_SIGN_STYLE = Automatic;
				COMBINE_HIDPI_IMAGES = YES;
				CURRENT_PROJECT_VERSION = 1;
				DEVELOPMENT_ASSET_PATHS = "\"weather-macOS/Preview Content\"";
				ENABLE_PREVIEWS = YES;
				GENERATE_INFOPLIST_FILE = YES;
				INFOPLIST_KEY_NSHumanReadableCopyright = "";
				LD_RUNPATH_SEARCH_PATHS = (
					"$(inherited)",
					"@executable_path/../Frameworks",
				);
				MARKETING_VERSION = 1.0;
				PRODUCT_BUNDLE_IDENTIFIER = "com.o4eretniy.weather-macOS";
				PRODUCT_NAME = "$(TARGET_NAME)";
				SWIFT_EMIT_LOC_STRINGS = YES;
				SWIFT_VERSION = 5.0;
			};
			name = Release;
		};
		2832406A28B7EAE800F6262F /* Debug */ = {
			isa = XCBuildConfiguration;
			buildSettings = {
				ALWAYS_EMBED_SWIFT_STANDARD_LIBRARIES = YES;
				BUNDLE_LOADER = "$(TEST_HOST)";
				CODE_SIGN_STYLE = Automatic;
				CURRENT_PROJECT_VERSION = 1;
				GENERATE_INFOPLIST_FILE = YES;
				MACOSX_DEPLOYMENT_TARGET = 12.3;
				MARKETING_VERSION = 1.0;
				PRODUCT_BUNDLE_IDENTIFIER = "com.o4eretniy.weather-macOSTests";
				PRODUCT_NAME = "$(TARGET_NAME)";
				SWIFT_EMIT_LOC_STRINGS = NO;
				SWIFT_VERSION = 5.0;
				TEST_HOST = "$(BUILT_PRODUCTS_DIR)/weather-macOS.app/Contents/MacOS/weather-macOS";
			};
			name = Debug;
		};
		2832406B28B7EAE800F6262F /* Release */ = {
			isa = XCBuildConfiguration;
			buildSettings = {
				ALWAYS_EMBED_SWIFT_STANDARD_LIBRARIES = YES;
				BUNDLE_LOADER = "$(TEST_HOST)";
				CODE_SIGN_STYLE = Automatic;
				CURRENT_PROJECT_VERSION = 1;
				GENERATE_INFOPLIST_FILE = YES;
				MACOSX_DEPLOYMENT_TARGET = 12.3;
				MARKETING_VERSION = 1.0;
				PRODUCT_BUNDLE_IDENTIFIER = "com.o4eretniy.weather-macOSTests";
				PRODUCT_NAME = "$(TARGET_NAME)";
				SWIFT_EMIT_LOC_STRINGS = NO;
				SWIFT_VERSION = 5.0;
				TEST_HOST = "$(BUILT_PRODUCTS_DIR)/weather-macOS.app/Contents/MacOS/weather-macOS";
			};
			name = Release;
		};
		2832406D28B7EAE800F6262F /* Debug */ = {
			isa = XCBuildConfiguration;
			buildSettings = {
				ALWAYS_EMBED_SWIFT_STANDARD_LIBRARIES = YES;
				CODE_SIGN_STYLE = Automatic;
				CURRENT_PROJECT_VERSION = 1;
				GENERATE_INFOPLIST_FILE = YES;
				MARKETING_VERSION = 1.0;
				PRODUCT_BUNDLE_IDENTIFIER = "com.o4eretniy.weather-macOSUITests";
				PRODUCT_NAME = "$(TARGET_NAME)";
				SWIFT_EMIT_LOC_STRINGS = NO;
				SWIFT_VERSION = 5.0;
				TEST_TARGET_NAME = "weather-macOS";
			};
			name = Debug;
		};
		2832406E28B7EAE800F6262F /* Release */ = {
			isa = XCBuildConfiguration;
			buildSettings = {
				ALWAYS_EMBED_SWIFT_STANDARD_LIBRARIES = YES;
				CODE_SIGN_STYLE = Automatic;
				CURRENT_PROJECT_VERSION = 1;
				GENERATE_INFOPLIST_FILE = YES;
				MARKETING_VERSION = 1.0;
				PRODUCT_BUNDLE_IDENTIFIER = "com.o4eretniy.weather-macOSUITests";
				PRODUCT_NAME = "$(TARGET_NAME)";
				SWIFT_EMIT_LOC_STRINGS = NO;
				SWIFT_VERSION = 5.0;
				TEST_TARGET_NAME = "weather-macOS";
			};
			name = Release;
		};
/* End XCBuildConfiguration section */

/* Begin XCConfigurationList section */
		2832403C28B7EAE700F6262F /* Build configuration list for PBXProject "weather-macOS" */ = {
			isa = XCConfigurationList;
			buildConfigurations = (
				2832406428B7EAE800F6262F /* Debug */,
				2832406528B7EAE800F6262F /* Release */,
			);
			defaultConfigurationIsVisible = 0;
			defaultConfigurationName = Release;
		};
		2832406628B7EAE800F6262F /* Build configuration list for PBXNativeTarget "weather-macOS" */ = {
			isa = XCConfigurationList;
			buildConfigurations = (
				2832406728B7EAE800F6262F /* Debug */,
				2832406828B7EAE800F6262F /* Release */,
			);
			defaultConfigurationIsVisible = 0;
			defaultConfigurationName = Release;
		};
		2832406928B7EAE800F6262F /* Build configuration list for PBXNativeTarget "weather-macOSTests" */ = {
			isa = XCConfigurationList;
			buildConfigurations = (
				2832406A28B7EAE800F6262F /* Debug */,
				2832406B28B7EAE800F6262F /* Release */,
			);
			defaultConfigurationIsVisible = 0;
			defaultConfigurationName = Release;
		};
		2832406C28B7EAE800F6262F /* Build configuration list for PBXNativeTarget "weather-macOSUITests" */ = {
			isa = XCConfigurationList;
			buildConfigurations = (
				2832406D28B7EAE800F6262F /* Debug */,
				2832406E28B7EAE800F6262F /* Release */,
			);
			defaultConfigurationIsVisible = 0;
			defaultConfigurationName = Release;
		};
/* End XCConfigurationList section */
	};
	rootObject = 2832403928B7EAE700F6262F /* Project object */;
}
